{
  "version": "5",
  "remote": {
    "https://deno.land/std@0.168.0/async/abortable.ts": "80b2ac399f142cc528f95a037a7d0e653296352d95c681e284533765961de409",
    "https://deno.land/std@0.168.0/async/deadline.ts": "2c2deb53c7c28ca1dda7a3ad81e70508b1ebc25db52559de6b8636c9278fd41f",
    "https://deno.land/std@0.168.0/async/debounce.ts": "60301ffb37e730cd2d6f9dadfd0ecb2a38857681bd7aaf6b0a106b06e5210a98",
    "https://deno.land/std@0.168.0/async/deferred.ts": "77d3f84255c3627f1cc88699d8472b664d7635990d5358c4351623e098e917d6",
    "https://deno.land/std@0.168.0/async/delay.ts": "5a9bfba8de38840308a7a33786a0155a7f6c1f7a859558ddcec5fe06e16daf57",
    "https://deno.land/std@0.168.0/async/mod.ts": "7809ad4bb223e40f5fdc043e5c7ca04e0e25eed35c32c3c32e28697c553fa6d9",
    "https://deno.land/std@0.168.0/async/mux_async_iterator.ts": "770a0ff26c59f8bbbda6b703a2235f04e379f73238e8d66a087edc68c2a2c35f",
    "https://deno.land/std@0.168.0/async/pool.ts": "6854d8cd675a74c73391c82005cbbe4cc58183bddcd1fbbd7c2bcda42b61cf69",
    "https://deno.land/std@0.168.0/async/retry.ts": "e8e5173623915bbc0ddc537698fa418cf875456c347eda1ed453528645b42e67",
    "https://deno.land/std@0.168.0/async/tee.ts": "3a47cc4e9a940904fd4341f0224907e199121c80b831faa5ec2b054c6d2eff5e",
    "https://deno.land/std@0.168.0/http/server.ts": "e99c1bee8a3f6571ee4cdeb2966efad465b8f6fe62bec1bdb59c1f007cc4d155"
  },
  "workspace": {
    "packageJson": {
      "dependencies": [
        "npm:@babel/runtime@^7.28.6",
        "npm:@microlink/react@^5.5.24",
        "npm:@react-spring/web@^10.0.3",
        "npm:@supabase/supabase-js@^2.39.8",
        "npm:@tailwindcss/typography@~0.5.19",
        "npm:@tiptap/extension-color@^2.11.5",
        "npm:@tiptap/extension-highlight@^2.11.5",
        "npm:@tiptap/extension-image@^2.11.5",
        "npm:@tiptap/extension-link@^2.11.5",
        "npm:@tiptap/extension-placeholder@^2.11.5",
        "npm:@tiptap/extension-text-align@^2.11.5",
        "npm:@tiptap/extension-text-style@^2.11.5",
        "npm:@tiptap/extension-underline@^2.11.5",
        "npm:@tiptap/pm@^2.11.5",
        "npm:@tiptap/react@^2.11.5",
        "npm:@tiptap/starter-kit@^2.11.5",
        "npm:@types/react-dom@^18.3.0",
        "npm:@types/react@^18.3.3",
        "npm:@use-gesture/react@^10.3.1",
        "npm:@vitejs/plugin-legacy@^5.4.3",
        "npm:@vitejs/plugin-react@^4.3.1",
        "npm:@yudiel/react-qr-scanner@^2.5.0",
        "npm:autoprefixer@^10.4.19",
        "npm:canvas-confetti@^1.9.4",
        "npm:crypto-js@^4.2.0",
        "npm:date-fns@^4.1.0",
        "npm:diff-match-patch@^1.0.5",
        "npm:dotenv@^17.3.1",
        "npm:emoji-picker-react@^4.18.0",
        "npm:firebase-tools@^15.13.0",
        "npm:firebase@^12.11.0",
        "npm:framer-motion@^12.26.2",
        "npm:lucide-react@0.363",
        "npm:node-fetch@^3.3.2",
        "npm:pdf-parse@^2.4.5",
        "npm:pg@^8.22.0",
        "npm:postcss@^8.4.38",
        "npm:qrcode.react@^4.2.0",
        "npm:react-dom@^18.3.1",
        "npm:react-dropzone@^14.3.8",
        "npm:react-easy-crop@^5.5.6",
        "npm:react-qr-scanner@^1.0.0-alpha.11",
        "npm:react-router-dom@^6.22.3",
        "npm:react@^18.3.1",
        "npm:recharts@^3.6.0",
        "npm:styled-components@^6.4.3",
        "npm:suneditor-react@^3.6.1",
        "npm:suneditor@^2.47.8",
        "npm:tailwindcss@^3.4.3",
        "npm:terser@^5.49.0",
        "npm:tesseract.js@7",
        "npm:tippy.js@^6.3.7",
        "npm:uuid@13",
        "npm:vite@^5.4.1",
        "npm:xlsx@~0.18.5"
      ]
    }
  }
}
